<?xml version="1.0" encoding="utf-8"?>
<Project ToolsVersion="14.0" xmlns="http://schemas.microsoft.com/developer/msbuild/2003">
  <ItemGroup>
    <ClInclude Include="DeHuffman.h" />
    <ClInclude Include="DeRunlength.h" />
    <ClInclude Include="DeQuantize.h" />
    <ClInclude Include="DeDCT.h" />
    <ClInclude Include="deYCbCrToRgb.h" />
    <ClInclude Include="Interface.h" />
    <ClInclude Include="DeToBlock.h" />
    <ClInclude Include="stdafx.h" />
    <ClInclude Include="targetver.h" />
    <ClInclude Include="DeZigZag.h" />
    <ClInclude Include="SocketServer.h" />
    <ClInclude Include="resource.h" />
    <ClInclude Include="DisplayBuffer.h" />
  </ItemGroup>
  <ItemGroup>
    <ClCompile Include="DeHuffman.cpp" />
    <ClCompile Include="DeRunlength.cpp" />
    <ClCompile Include="DeQuantize.cpp" />
    <ClCompile Include="DeDCT.cpp" />
    <ClCompile Include="deYCbCrToRgb.cpp" />
    <ClCompile Include="Interface.cpp" />
    <ClCompile Include="DeToBlock.cpp" />
    <ClCompile Include="stdafx.cpp" />
    <ClCompile Include="DeZigZag.cpp" />
    <ClCompile Include="SocketServer.cpp" />
    <ClCompile Include="Decoder.cpp" />
    <ClCompile Include="DisplayBuffer.cpp" />
  </ItemGroup>
  <ItemGroup>
    <ResourceCompile Include="Decoder.rc" />
  </ItemGroup>
</Project>