<?xml version="1.0" encoding="utf-8"?>
<Project ToolsVersion="14.0" xmlns="http://schemas.microsoft.com/developer/msbuild/2003">
  <ItemGroup>
    <ClInclude Include="DeHuffman.h" />
    <ClInclude Include="..\VideoCoding\stdafx.h" />
    <ClInclude Include="..\VideoCoding\SocketServer.h" />
    <ClInclude Include="DeRunlength.h" />
    <ClInclude Include="DeQuantize.h" />
    <ClInclude Include="DeDCT.h" />
  </ItemGroup>
  <ItemGroup>
    <ClCompile Include="DeHuffman.cpp" />
    <ClCompile Include="..\VideoCoding\stdafx.cpp" />
    <ClCompile Include="..\VideoCoding\SocketServer.cpp" />
    <ClCompile Include="DeRunlength.cpp" />
    <ClCompile Include="DeQuantize.cpp" />
    <ClCompile Include="DeDCT.cpp" />
  </ItemGroup>
</Project>